
Microsoft Visual Studio Solution File, Format Version 12.00
# Visual Studio Version 16
VisualStudioVersion = 16.0.28822.285
MinimumVisualStudioVersion = 10.0.40219.1
Project("{888888A0-9F3D-457C-B088-3A5042F75D52}") = "tracking1", "tracking1.pyproj", "{C120299A-6CDB-4F3A-92E8-EBDB316204E3}"
EndProject
Global
	GlobalSection(SolutionConfigurationPlatforms) = preSolution
		Debug|Any CPU = Debug|Any CPU
		Release|Any CPU = Release|Any CPU
	EndGlobalSection
	GlobalSection(ProjectConfigurationPlatforms) = postSolution
		{C120299A-6CDB-4F3A-92E8-EBDB316204E3}.Debug|Any CPU.ActiveCfg = Debug|Any CPU
		{C120299A-6CDB-4F3A-92E8-EBDB316204E3}.Release|Any CPU.ActiveCfg = Release|Any CPU
	EndGlobalSection
	GlobalSection(SolutionProperties) = preSolution
		HideSolutionNode = FALSE
	EndGlobalSection
	GlobalSection(ExtensibilityGlobals) = postSolution
		SolutionGuid = {205B887E-1B7F-48C4-BE2B-0A4F625E6CB7}
	EndGlobalSection
EndGlobal
